// !$*UTF8*$!
{
	archiveVersion = 1;
	classes = {
	};
	objectVersion = 56;
	objects = {

/* Begin PBXBuildFile section */
		A92B45152A4B874900AFE92C /* Artist.swift in Sources */ = {isa = PBXBuildFile; fileRef = A92B45142A4B874900AFE92C /* Artist.swift */; };
		A95AB55D2A4B825C00C58A1A /* ProductTableViewCell.swift in Sources */ = {isa = PBXBuildFile; fileRef = A95AB55C2A4B825C00C58A1A /* ProductTableViewCell.swift */; };
		A9B1A5332A4B7959009F9A95 /* AppDelegate.swift in Sources */ = {isa = PBXBuildFile; fileRef = A9B1A5322A4B7959009F9A95 /* AppDelegate.swift */; };
		A9B1A5352A4B7959009F9A95 /* SceneDelegate.swift in Sources */ = {isa = PBXBuildFile; fileRef = A9B1A5342A4B7959009F9A95 /* SceneDelegate.swift */; };
		A9B1A5372A4B7959009F9A95 /* ViewController.swift in Sources */ = {isa = PBXBuildFile; fileRef = A9B1A5362A4B7959009F9A95 /* ViewController.swift */; };
		A9B1A53A2A4B7959009F9A95 /* Main.storyboard in Resources */ = {isa = PBXBuildFile; fileRef = A9B1A5382A4B7959009F9A95 /* Main.storyboard */; };
		A9B1A53C2A4B795A009F9A95 /* Assets.xcassets in Resources */ = {isa = PBXBuildFile; fileRef = A9B1A53B2A4B795A009F9A95 /* Assets.xcassets */; };
		A9B1A53F2A4B795A009F9A95 /* LaunchScreen.storyboard in Resources */ = {isa = PBXBuildFile; fileRef = A9B1A53D2A4B795A009F9A95 /* LaunchScreen.storyboard */; };
		E41D057A039005ECAAC61A89 /* Pods_AFProject.framework in Frameworks */ = {isa = PBXBuildFile; fileRef = 02BF99D375D439555BF19F0E /* Pods_AFProject.framework */; };
/* End PBXBuildFile section */

/* Begin PBXFileReference section */
		02BF99D375D439555BF19F0E /* Pods_AFProject.framework */ = {isa = PBXFileReference; explicitFileType = wrapper.framework; includeInIndex = 0; path = Pods_AFProject.framework; sourceTree = BUILT_PRODUCTS_DIR; };
		7357E0B93C343AF3A4287776 /* Pods-AFProject.release.xcconfig */ = {isa = PBXFileReference; includeInIndex = 1; lastKnownFileType = text.xcconfig; name = "Pods-AFProject.release.xcconfig"; path = "Target Support Files/Pods-AFProject/Pods-AFProject.release.xcconfig"; sourceTree = "<group>"; };
		A92B45142A4B874900AFE92C /* Artist.swift */ = {isa = PBXFileReference; lastKnownFileType = sourcecode.swift; path = Artist.swift; sourceTree = "<group>"; };
		A95AB55C2A4B825C00C58A1A /* ProductTableViewCell.swift */ = {isa = PBXFileReference; lastKnownFileType = sourcecode.swift; path = ProductTableViewCell.swift; sourceTree = "<group>"; };
		A9B1A52F2A4B7959009F9A95 /* AFProject.app */ = {isa = PBXFileReference; explicitFileType = wrapper.application; includeInIndex = 0; path = AFProject.app; sourceTree = BUILT_PRODUCTS_DIR; };
		A9B1A5322A4B7959009F9A95 /* AppDelegate.swift */ = {isa = PBXFileReference; lastKnownFileType = sourcecode.swift; path = AppDelegate.swift; sourceTree = "<group>"; };
		A9B1A5342A4B7959009F9A95 /* SceneDelegate.swift */ = {isa = PBXFileReference; lastKnownFileType = sourcecode.swift; path = SceneDelegate.swift; sourceTree = "<group>"; };
		A9B1A5362A4B7959009F9A95 /* ViewController.swift */ = {isa = PBXFileReference; lastKnownFileType = sourcecode.swift; path = ViewController.swift; sourceTree = "<group>"; };
		A9B1A5392A4B7959009F9A95 /* Base */ = {isa = PBXFileReference; lastKnownFileType = file.storyboard; name = Base; path = Base.lproj/Main.storyboard; sourceTree = "<group>"; };
		A9B1A53B2A4B795A009F9A95 /* Assets.xcassets */ = {isa = PBXFileReference; lastKnownFileType = folder.assetcatalog; path = Assets.xcassets; sourceTree = "<group>"; };
		A9B1A53E2A4B795A009F9A95 /* Base */ = {isa = PBXFileReference; lastKnownFileType = file.storyboard; name = Base; path = Base.lproj/LaunchScreen.storyboard; sourceTree = "<group>"; };
		A9B1A5402A4B795A009F9A95 /* Info.plist */ = {isa = PBXFileReference; lastKnownFileType = text.plist.xml; path = Info.plist; sourceTree = "<group>"; };
		DF4B2FE17F8A0CE63D2BE266 /* Pods-AFProject.debug.xcconfig */ = {isa = PBXFileReference; includeInIndex = 1; lastKnownFileType = text.xcconfig; name = "Pods-AFProject.debug.xcconfig"; path = "Target Support Files/Pods-AFProject/Pods-AFProject.debug.xcconfig"; sourceTree = "<group>"; };
/* End PBXFileReference section */

/* Begin PBXFrameworksBuildPhase section */
		A9B1A52C2A4B7959009F9A95 /* Frameworks */ = {
			isa = PBXFrameworksBuildPhase;
			buildActionMask = 2147483647;
			files = (
				E41D057A039005ECAAC61A89 /* Pods_AFProject.framework in Frameworks */,
			);
			runOnlyForDeploymentPostprocessing = 0;
		};
/* End PBXFrameworksBuildPhase section */

/* Begin PBXGroup section */
		1BB33708ED6650BF0F0E23F7 /* Frameworks */ = {
			isa = PBXGroup;
			children = (
				02BF99D375D439555BF19F0E /* Pods_AFProject.framework */,
			);
			name = Frameworks;
			sourceTree = "<group>";
		};
		6EEF6D2E24F3C70CB1FD7500 /* Pods */ = {
			isa = PBXGroup;
			children = (
				DF4B2FE17F8A0CE63D2BE266 /* Pods-AFProject.debug.xcconfig */,
				7357E0B93C343AF3A4287776 /* Pods-AFProject.release.xcconfig */,
			);
			path = Pods;
			sourceTree = "<group>";
		};
		A9B1A5262A4B7959009F9A95 = {
			isa = PBXGroup;
			children = (
				A9B1A5312A4B7959009F9A95 /* AFProject */,
				A9B1A5302A4B7959009F9A95 /* Products */,
				6EEF6D2E24F3C70CB1FD7500 /* Pods */,
				1BB33708ED6650BF0F0E23F7 /* Frameworks */,
			);
			sourceTree = "<group>";
		};
		A9B1A5302A4B7959009F9A95 /* Products */ = {
			isa = PBXGroup;
			children = (
				A9B1A52F2A4B7959009F9A95 /* AFProject.app */,
			);
			name = Products;
			sourceTree = "<group>";
		};
		A9B1A5312A4B7959009F9A95 /* AFProject */ = {
			isa = PBXGroup;
			children = (
				A9B1A5322A4B7959009F9A95 /* AppDelegate.swift */,
				A9B1A5342A4B7959009F9A95 /* SceneDelegate.swift */,
				A9B1A5362A4B7959009F9A95 /* ViewController.swift */,
				A9B1A5382A4B7959009F9A95 /* Main.storyboard */,
				A9B1A53B2A4B795A009F9A95 /* Assets.xcassets */,
				A9B1A53D2A4B795A009F9A95 /* LaunchScreen.storyboard */,
				A9B1A5402A4B795A009F9A95 /* Info.plist */,
				A95AB55C2A4B825C00C58A1A /* ProductTableViewCell.swift */,
				A92B45142A4B874900AFE92C /* Artist.swift */,
			);
			path = AFProject;
			sourceTree = "<group>";
		};
/* End PBXGroup section */

/* Begin PBXNativeTarget section */
		A9B1A52E2A4B7959009F9A95 /* AFProject */ = {
			isa = PBXNativeTarget;
			buildConfigurationList = A9B1A5432A4B795A009F9A95 /* Build configuration list for PBXNativeTarget "AFProject" */;
			buildPhases = (
				2863283F53025DADAE75FCA8 /* [CP] Check Pods Manifest.lock */,
				A9B1A52B2A4B7959009F9A95 /* Sources */,
				A9B1A52C2A4B7959009F9A95 /* Frameworks */,
				A9B1A52D2A4B7959009F9A95 /* Resources */,
				2977A53D65C02E845DE576E0 /* [CP] Embed Pods Frameworks */,
			);
			buildRules = (
			);
			dependencies = (
			);
			name = AFProject;
			productName = AFProject;
			productReference = A9B1A52F2A4B7959009F9A95 /* AFProject.app */;
			productType = "com.apple.product-type.application";
		};
/* End PBXNativeTarget section */

/* Begin PBXProject section */
		A9B1A5272A4B7959009F9A95 /* Project object */ = {
			isa = PBXProject;
			attributes = {
				BuildIndependentTargetsInParallel = 1;
				LastSwiftUpdateCheck = 1430;
				LastUpgradeCheck = 1430;
				TargetAttributes = {
					A9B1A52E2A4B7959009F9A95 = {
						CreatedOnToolsVersion = 14.3.1;
					};
				};
			};
			buildConfigurationList = A9B1A52A2A4B7959009F9A95 /* Build configuration list for PBXProject "AFProject" */;
			compatibilityVersion = "Xcode 14.0";
			developmentRegion = en;
			hasScannedForEncodings = 0;
			knownRegions = (
				en,
				Base,
			);
			mainGroup = A9B1A5262A4B7959009F9A95;
			productRefGroup = A9B1A5302A4B7959009F9A95 /* Products */;
			projectDirPath = "";
			projectRoot = "";
			targets = (
				A9B1A52E2A4B7959009F9A95 /* AFProject */,
			);
		};
/* End PBXProject section */

/* Begin PBXResourcesBuildPhase section */
		A9B1A52D2A4B7959009F9A95 /* Resources */ = {
			isa = PBXResourcesBuildPhase;
			buildActionMask = 2147483647;
			files = (
				A9B1A53F2A4B795A009F9A95 /* LaunchScreen.storyboard in Resources */,
				A9B1A53C2A4B795A009F9A95 /* Assets.xcassets in Resources */,
				A9B1A53A2A4B7959009F9A95 /* Main.storyboard in Resources */,
			);
			runOnlyForDeploymentPostprocessing = 0;
		};
/* End PBXResourcesBuildPhase section */

/* Begin PBXShellScriptBuildPhase section */
		2863283F53025DADAE75FCA8 /* [CP] Check Pods Manifest.lock */ = {
			isa = PBXShellScriptBuildPhase;
			buildActionMask = 2147483647;
			files = (
			);
			inputFileListPaths = (
			);
			inputPaths = (
				"${PODS_PODFILE_DIR_PATH}/Podfile.lock",
				"${PODS_ROOT}/Manifest.lock",
			);
			name = "[CP] Check Pods Manifest.lock";
			outputFileListPaths = (
			);
			outputPaths = (
				"$(DERIVED_FILE_DIR)/Pods-AFProject-checkManifestLockResult.txt",
			);
			runOnlyForDeploymentPostprocessing = 0;
			shellPath = /bin/sh;
			shellScript = "diff \"${PODS_PODFILE_DIR_PATH}/Podfile.lock\" \"${PODS_ROOT}/Manifest.lock\" > /dev/null\nif [ $? != 0 ] ; then\n    # print error to STDERR\n    echo \"error: The sandbox is not in sync with the Podfile.lock. Run 'pod install' or update your CocoaPods installation.\" >&2\n    exit 1\nfi\n# This output is used by Xcode 'outputs' to avoid re-running this script phase.\necho \"SUCCESS\" > \"${SCRIPT_OUTPUT_FILE_0}\"\n";
			showEnvVarsInLog = 0;
		};
		2977A53D65C02E845DE576E0 /* [CP] Embed Pods Frameworks */ = {
			isa = PBXShellScriptBuildPhase;
			buildActionMask = 2147483647;
			files = (
			);
			inputFileListPaths = (
				"${PODS_ROOT}/Target Support Files/Pods-AFProject/Pods-AFProject-frameworks-${CONFIGURATION}-input-files.xcfilelist",
			);
			name = "[CP] Embed Pods Frameworks";
			outputFileListPaths = (
				"${PODS_ROOT}/Target Support Files/Pods-AFProject/Pods-AFProject-frameworks-${CONFIGURATION}-output-files.xcfilelist",
			);
			runOnlyForDeploymentPostprocessing = 0;
			shellPath = /bin/sh;
			shellScript = "\"${PODS_ROOT}/Target Support Files/Pods-AFProject/Pods-AFProject-frameworks.sh\"\n";
			showEnvVarsInLog = 0;
		};
/* End PBXShellScriptBuildPhase section */

/* Begin PBXSourcesBuildPhase section */
		A9B1A52B2A4B7959009F9A95 /* Sources */ = {
			isa = PBXSourcesBuildPhase;
			buildActionMask = 2147483647;
			files = (
				A9B1A5372A4B7959009F9A95 /* ViewController.swift in Sources */,
				A95AB55D2A4B825C00C58A1A /* ProductTableViewCell.swift in Sources */,
				A9B1A5332A4B7959009F9A95 /* AppDelegate.swift in Sources */,
				A92B45152A4B874900AFE92C /* Artist.swift in Sources */,
				A9B1A5352A4B7959009F9A95 /* SceneDelegate.swift in Sources */,
			);
			runOnlyForDeploymentPostprocessing = 0;
		};
/* End PBXSourcesBuildPhase section */

/* Begin PBXVariantGroup section */
		A9B1A5382A4B7959009F9A95 /* Main.storyboard */ = {
			isa = PBXVariantGroup;
			children = (
				A9B1A5392A4B7959009F9A95 /* Base */,
			);
			name = Main.storyboard;
			sourceTree = "<group>";
		};
		A9B1A53D2A4B795A009F9A95 /* LaunchScreen.storyboard */ = {
			isa = PBXVariantGroup;
			children = (
				A9B1A53E2A4B795A009F9A95 /* Base */,
			);
			name = LaunchScreen.storyboard;
			sourceTree = "<group>";
		};
/* End PBXVariantGroup section */

/* Begin XCBuildConfiguration section */
		A9B1A5412A4B795A009F9A95 /* Debug */ = {
			isa = XCBuildConfiguration;
			buildSettings = {
				ALWAYS_SEARCH_USER_PATHS = NO;
				CLANG_ANALYZER_NONNULL = YES;
				CLANG_ANALYZER_NUMBER_OBJECT_CONVERSION = YES_AGGRESSIVE;
				CLANG_CXX_LANGUAGE_STANDARD = "gnu++20";
				CLANG_ENABLE_MODULES = YES;
				CLANG_ENABLE_OBJC_ARC = YES;
				CLANG_ENABLE_OBJC_WEAK = YES;
				CLANG_WARN_BLOCK_CAPTURE_AUTORELEASING = YES;
				CLANG_WARN_BOOL_CONVERSION = YES;
				CLANG_WARN_COMMA = YES;
				CLANG_WARN_CONSTANT_CONVERSION = YES;
				CLANG_WARN_DEPRECATED_OBJC_IMPLEMENTATIONS = YES;
				CLANG_WARN_DIRECT_OBJC_ISA_USAGE = YES_ERROR;
				CLANG_WARN_DOCUMENTATION_COMMENTS = YES;
				CLANG_WARN_EMPTY_BODY = YES;
				CLANG_WARN_ENUM_CONVERSION = YES;
				CLANG_WARN_INFINITE_RECURSION = YES;
				CLANG_WARN_INT_CONVERSION = YES;
				CLANG_WARN_NON_LITERAL_NULL_CONVERSION = YES;
				CLANG_WARN_OBJC_IMPLICIT_RETAIN_SELF = YES;
				CLANG_WARN_OBJC_LITERAL_CONVERSION = YES;
				CLANG_WARN_OBJC_ROOT_CLASS = YES_ERROR;
				CLANG_WARN_QUOTED_INCLUDE_IN_FRAMEWORK_HEADER = YES;
				CLANG_WARN_RANGE_LOOP_ANALYSIS = YES;
				CLANG_WARN_STRICT_PROTOTYPES = YES;
				CLANG_WARN_SUSPICIOUS_MOVE = YES;
				CLANG_WARN_UNGUARDED_AVAILABILITY = YES_AGGRESSIVE;
				CLANG_WARN_UNREACHABLE_CODE = YES;
				CLANG_WARN__DUPLICATE_METHOD_MATCH = YES;
				COPY_PHASE_STRIP = NO;
				DEBUG_INFORMATION_FORMAT = dwarf;
				ENABLE_STRICT_OBJC_MSGSEND = YES;
				ENABLE_TESTABILITY = YES;
				GCC_C_LANGUAGE_STANDARD = gnu11;
				GCC_DYNAMIC_NO_PIC = NO;
				GCC_NO_COMMON_BLOCKS = YES;
				GCC_OPTIMIZATION_LEVEL = 0;
				GCC_PREPROCESSOR_DEFINITIONS = (
					"DEBUG=1",
					"$(inherited)",
				);
				GCC_WARN_64_TO_32_BIT_CONVERSION = YES;
				GCC_WARN_ABOUT_RETURN_TYPE = YES_ERROR;
				GCC_WARN_UNDECLARED_SELECTOR = YES;
				GCC_WARN_UNINITIALIZED_AUTOS = YES_AGGRESSIVE;
				GCC_WARN_UNUSED_FUNCTION = YES;
				GCC_WARN_UNUSED_VARIABLE = YES;
				IPHONEOS_DEPLOYMENT_TARGET = 16.4;
				MTL_ENABLE_DEBUG_INFO = INCLUDE_SOURCE;
				MTL_FAST_MATH = YES;
				ONLY_ACTIVE_ARCH = YES;
				SDKROOT = iphoneos;
				SWIFT_ACTIVE_COMPILATION_CONDITIONS = DEBUG;
				SWIFT_OPTIMIZATION_LEVEL = "-Onone";
			};
			name = Debug;
		};
		A9B1A5422A4B795A009F9A95 /* Release */ = {
			isa = XCBuildConfiguration;
			buildSettings = {
				ALWAYS_SEARCH_USER_PATHS = NO;
				CLANG_ANALYZER_NONNULL = YES;
				CLANG_ANALYZER_NUMBER_OBJECT_CONVERSION = YES_AGGRESSIVE;
				CLANG_CXX_LANGUAGE_STANDARD = "gnu++20";
				CLANG_ENABLE_MODULES = YES;
				CLANG_ENABLE_OBJC_ARC = YES;
				CLANG_ENABLE_OBJC_WEAK = YES;
				CLANG_WARN_BLOCK_CAPTURE_AUTORELEASING = YES;
				CLANG_WARN_BOOL_CONVERSION = YES;
				CLANG_WARN_COMMA = YES;
				CLANG_WARN_CONSTANT_CONVERSION = YES;
				CLANG_WARN_DEPRECATED_OBJC_IMPLEMENTATIONS = YES;
				CLANG_WARN_DIRECT_OBJC_ISA_USAGE = YES_ERROR;
				CLANG_WARN_DOCUMENTATION_COMMENTS = YES;
				CLANG_WARN_EMPTY_BODY = YES;
				CLANG_WARN_ENUM_CONVERSION = YES;
				CLANG_WARN_INFINITE_RECURSION = YES;
				CLANG_WARN_INT_CONVERSION = YES;
				CLANG_WARN_NON_LITERAL_NULL_CONVERSION = YES;
				CLANG_WARN_OBJC_IMPLICIT_RETAIN_SELF = YES;
				CLANG_WARN_OBJC_LITERAL_CONVERSION = YES;
				CLANG_WARN_OBJC_ROOT_CLASS = YES_ERROR;
				CLANG_WARN_QUOTED_INCLUDE_IN_FRAMEWORK_HEADER = YES;
				CLANG_WARN_RANGE_LOOP_ANALYSIS = YES;
				CLANG_WARN_STRICT_PROTOTYPES = YES;
				CLANG_WARN_SUSPICIOUS_MOVE = YES;
				CLANG_WARN_UNGUARDED_AVAILABILITY = YES_AGGRESSIVE;
				CLANG_WARN_UNREACHABLE_CODE = YES;
				CLANG_WARN__DUPLICATE_METHOD_MATCH = YES;
				COPY_PHASE_STRIP = NO;
				DEBUG_INFORMATION_FORMAT = "dwarf-with-dsym";
				ENABLE_NS_ASSERTIONS = NO;
				ENABLE_STRICT_OBJC_MSGSEND = YES;
				GCC_C_LANGUAGE_STANDARD = gnu11;
				GCC_NO_COMMON_BLOCKS = YES;
				GCC_WARN_64_TO_32_BIT_CONVERSION = YES;
				GCC_WARN_ABOUT_RETURN_TYPE = YES_ERROR;
				GCC_WARN_UNDECLARED_SELECTOR = YES;
				GCC_WARN_UNINITIALIZED_AUTOS = YES_AGGRESSIVE;
				GCC_WARN_UNUSED_FUNCTION = YES;
				GCC_WARN_UNUSED_VARIABLE = YES;
				IPHONEOS_DEPLOYMENT_TARGET = 16.4;
				MTL_ENABLE_DEBUG_INFO = NO;
				MTL_FAST_MATH = YES;
				SDKROOT = iphoneos;
				SWIFT_COMPILATION_MODE = wholemodule;
				SWIFT_OPTIMIZATION_LEVEL = "-O";
				VALIDATE_PRODUCT = YES;
			};
			name = Release;
		};
		A9B1A5442A4B795A009F9A95 /* Debug */ = {
			isa = XCBuildConfiguration;
			baseConfigurationReference = DF4B2FE17F8A0CE63D2BE266 /* Pods-AFProject.debug.xcconfig */;
			buildSettings = {
				ASSETCATALOG_COMPILER_APPICON_NAME = AppIcon;
				ASSETCATALOG_COMPILER_GLOBAL_ACCENT_COLOR_NAME = AccentColor;
				CODE_SIGN_STYLE = Automatic;
				CURRENT_PROJECT_VERSION = 1;
				GENERATE_INFOPLIST_FILE = YES;
				INFOPLIST_FILE = AFProject/Info.plist;
				INFOPLIST_KEY_UIApplicationSupportsIndirectInputEvents = YES;
				INFOPLIST_KEY_UILaunchStoryboardName = LaunchScreen;
				INFOPLIST_KEY_UIMainStoryboardFile = Main;
				INFOPLIST_KEY_UISupportedInterfaceOrientations_iPad = "UIInterfaceOrientationPortrait UIInterfaceOrientationPortraitUpsideDown UIInterfaceOrientationLandscapeLeft UIInterfaceOrientationLandscapeRight";
				INFOPLIST_KEY_UISupportedInterfaceOrientations_iPhone = "UIInterfaceOrientationPortrait UIInterfaceOrientationLandscapeLeft UIInterfaceOrientationLandscapeRight";
				LD_RUNPATH_SEARCH_PATHS = (
					"$(inherited)",
					"@executable_path/Frameworks",
				);
				MARKETING_VERSION = 1.0;
				PRODUCT_BUNDLE_IDENTIFIER = com.emredurmus.AFProject;
				PRODUCT_NAME = "$(TARGET_NAME)";
				SWIFT_EMIT_LOC_STRINGS = YES;
				SWIFT_VERSION = 5.0;
				TARGETED_DEVICE_FAMILY = "1,2";
			};
			name = Debug;
		};
		A9B1A5452A4B795A009F9A95 /* Release */ = {
			isa = XCBuildConfiguration;
			baseConfigurationReference = 7357E0B93C343AF3A4287776 /* Pods-AFProject.release.xcconfig */;
			buildSettings = {
				ASSETCATALOG_COMPILER_APPICON_NAME = AppIcon;
				ASSETCATALOG_COMPILER_GLOBAL_ACCENT_COLOR_NAME = AccentColor;
				CODE_SIGN_STYLE = Automatic;
				CURRENT_PROJECT_VERSION = 1;
				GENERATE_INFOPLIST_FILE = YES;
				INFOPLIST_FILE = AFProject/Info.plist;
				INFOPLIST_KEY_UIApplicationSupportsIndirectInputEvents = YES;
				INFOPLIST_KEY_UILaunchStoryboardName = LaunchScreen;
				INFOPLIST_KEY_UIMainStoryboardFile = Main;
				INFOPLIST_KEY_UISupportedInterfaceOrientations_iPad = "UIInterfaceOrientationPortrait UIInterfaceOrientationPortraitUpsideDown UIInterfaceOrientationLandscapeLeft UIInterfaceOrientationLandscapeRight";
				INFOPLIST_KEY_UISupportedInterfaceOrientations_iPhone = "UIInterfaceOrientationPortrait UIInterfaceOrientationLandscapeLeft UIInterfaceOrientationLandscapeRight";
				LD_RUNPATH_SEARCH_PATHS = (
					"$(inherited)",
					"@executable_path/Frameworks",
				);
				MARKETING_VERSION = 1.0;
				PRODUCT_BUNDLE_IDENTIFIER = com.emredurmus.AFProject;
				PRODUCT_NAME = "$(TARGET_NAME)";
				SWIFT_EMIT_LOC_STRINGS = YES;
				SWIFT_VERSION = 5.0;
				TARGETED_DEVICE_FAMILY = "1,2";
			};
			name = Release;
		};
/* End XCBuildConfiguration section */

/* Begin XCConfigurationList section */
		A9B1A52A2A4B7959009F9A95 /* Build configuration list for PBXProject "AFProject" */ = {
			isa = XCConfigurationList;
			buildConfigurations = (
				A9B1A5412A4B795A009F9A95 /* Debug */,
				A9B1A5422A4B795A009F9A95 /* Release */,
			);
			defaultConfigurationIsVisible = 0;
			defaultConfigurationName = Release;
		};
		A9B1A5432A4B795A009F9A95 /* Build configuration list for PBXNativeTarget "AFProject" */ = {
			isa = XCConfigurationList;
			buildConfigurations = (
				A9B1A5442A4B795A009F9A95 /* Debug */,
				A9B1A5452A4B795A009F9A95 /* Release */,
			);
			defaultConfigurationIsVisible = 0;
			defaultConfigurationName = Release;
		};
/* End XCConfigurationList section */
	};
	rootObject = A9B1A5272A4B7959009F9A95 /* Project object */;
}
